
Microsoft Visual Studio Solution File, Format Version 12.00
# Visual Studio Version 17
VisualStudioVersion = 17.2.32526.322
MinimumVisualStudioVersion = 10.0.40219.1
Project("{FAE04EC0-301F-11D3-BF4B-00C04F79EFBC}") = "CH3Pr7", "CH3Pr7\CH3Pr7.csproj", "{5AF8EBAA-8C92-4B96-A1E1-E471B320B1FB}"
EndProject
Global
	GlobalSection(SolutionConfigurationPlatforms) = preSolution
		Debug|Any CPU = Debug|Any CPU
		Release|Any CPU = Release|Any CPU
	EndGlobalSection
	GlobalSection(ProjectConfigurationPlatforms) = postSolution
		{5AF8EBAA-8C92-4B96-A1E1-E471B320B1FB}.Debug|Any CPU.ActiveCfg = Debug|Any CPU
		{5AF8EBAA-8C92-4B96-A1E1-E471B320B1FB}.Debug|Any CPU.Build.0 = Debug|Any CPU
		{5AF8EBAA-8C92-4B96-A1E1-E471B320B1FB}.Release|Any CPU.ActiveCfg = Release|Any CPU
		{5AF8EBAA-8C92-4B96-A1E1-E471B320B1FB}.Release|Any CPU.Build.0 = Release|Any CPU
	EndGlobalSection
	GlobalSection(SolutionProperties) = preSolution
		HideSolutionNode = FALSE
	EndGlobalSection
	GlobalSection(ExtensibilityGlobals) = postSolution
		SolutionGuid = {DD20DB09-036E-4B8E-A190-64033059E515}
	EndGlobalSection
EndGlobal
